
Microsoft Visual Studio Solution File, Format Version 12.00
# Visual Studio 14
VisualStudioVersion = 14.0.25420.1
MinimumVisualStudioVersion = 10.0.40219.1
Project("{FAE04EC0-301F-11D3-BF4B-00C04F79EFBC}") = "WebApi", "WebApi\WebApi.csproj", "{F868CD8C-5ED2-4182-8028-ECE988DCC9A1}"
EndProject
Project("{FAE04EC0-301F-11D3-BF4B-00C04F79EFBC}") = "Client", "Client\Client.csproj", "{7F8EE293-E26F-4DF1-B706-3B254B69BCB0}"
EndProject
Global
	GlobalSection(SolutionConfigurationPlatforms) = preSolution
		Debug|Any CPU = Debug|Any CPU
		Release|Any CPU = Release|Any CPU
	EndGlobalSection
	GlobalSection(ProjectConfigurationPlatforms) = postSolution
		{F868CD8C-5ED2-4182-8028-ECE988DCC9A1}.Debug|Any CPU.ActiveCfg = Debug|Any CPU
		{F868CD8C-5ED2-4182-8028-ECE988DCC9A1}.Debug|Any CPU.Build.0 = Debug|Any CPU
		{F868CD8C-5ED2-4182-8028-ECE988DCC9A1}.Release|Any CPU.ActiveCfg = Release|Any CPU
		{F868CD8C-5ED2-4182-8028-ECE988DCC9A1}.Release|Any CPU.Build.0 = Release|Any CPU
		{7F8EE293-E26F-4DF1-B706-3B254B69BCB0}.Debug|Any CPU.ActiveCfg = Debug|Any CPU
		{7F8EE293-E26F-4DF1-B706-3B254B69BCB0}.Debug|Any CPU.Build.0 = Debug|Any CPU
		{7F8EE293-E26F-4DF1-B706-3B254B69BCB0}.Release|Any CPU.ActiveCfg = Release|Any CPU
		{7F8EE293-E26F-4DF1-B706-3B254B69BCB0}.Release|Any CPU.Build.0 = Release|Any CPU
	EndGlobalSection
	GlobalSection(SolutionProperties) = preSolution
		HideSolutionNode = FALSE
	EndGlobalSection
EndGlobal
